// !$*UTF8*$!
{
	archiveVersion = 1;
	classes = {
	};
	objectVersion = 48;
	objects = {

/* Begin PBXBuildFile section */
		1BBE0A78CB427B0B931B5FC0 /* Pods_Multi_Room.framework in Frameworks */ = {isa = PBXBuildFile; fileRef = 7E36BC508C24CAFA3C612584 /* Pods_Multi_Room.framework */; };
		1D0A79DE20A4BF2B00C0DBB7 /* Playground.xib in Resources */ = {isa = PBXBuildFile; fileRef = 1D0A79DD20A4BF2B00C0DBB7 /* Playground.xib */; };
		1D4EACC820A87A5000E058E5 /* MarshallSettings.swift in Sources */ = {isa = PBXBuildFile; fileRef = 1D4EACC720A87A5000E058E5 /* MarshallSettings.swift */; };
		1D5D98CF20A47E0D00FB58B2 /* TestView1.xib in Resources */ = {isa = PBXBuildFile; fileRef = 1D5D98CE20A47E0D00FB58B2 /* TestView1.xib */; };
		1D5D98D120A47EBF00FB58B2 /* TestView1.swift in Sources */ = {isa = PBXBuildFile; fileRef = 1D5D98D020A47EBF00FB58B2 /* TestView1.swift */; };
		1D62530A209859B3004573FD /* AppDelegate.swift in Sources */ = {isa = PBXBuildFile; fileRef = 1D625309209859B3004573FD /* AppDelegate.swift */; };
		1D62530E209859B3004573FD /* Assets.xcassets in Resources */ = {isa = PBXBuildFile; fileRef = 1D62530D209859B3004573FD /* Assets.xcassets */; };
		1D625311209859B3004573FD /* Main.storyboard in Resources */ = {isa = PBXBuildFile; fileRef = 1D62530F209859B3004573FD /* Main.storyboard */; };
		1D6253202098AA68004573FD /* Localizable.strings in Resources */ = {isa = PBXBuildFile; fileRef = 1D6253222098AA68004573FD /* Localizable.strings */; };
		1D6253272098AD97004573FD /* EventMonitor.swift in Sources */ = {isa = PBXBuildFile; fileRef = 1D6253262098AD97004573FD /* EventMonitor.swift */; };
		1D6253292098B489004573FD /* ModuleLoader.swift in Sources */ = {isa = PBXBuildFile; fileRef = 1D6253282098B489004573FD /* ModuleLoader.swift */; };
		1D62532B2098B4ED004573FD /* PopupViewController.swift in Sources */ = {isa = PBXBuildFile; fileRef = 1D62532A2098B4ED004573FD /* PopupViewController.swift */; };
		1D62532D2098B7EF004573FD /* SHModuleAPI.swift in Sources */ = {isa = PBXBuildFile; fileRef = 1D62532C2098B7EF004573FD /* SHModuleAPI.swift */; };
		1D62532F2098BA4A004573FD /* PopoverHandler.swift in Sources */ = {isa = PBXBuildFile; fileRef = 1D62532E2098BA4A004573FD /* PopoverHandler.swift */; };
		1D6253322098C33A004573FD /* TestModule.swift in Sources */ = {isa = PBXBuildFile; fileRef = 1D6253312098C33A004573FD /* TestModule.swift */; };
		1D6253342098C396004573FD /* TestMenuItem.swift in Sources */ = {isa = PBXBuildFile; fileRef = 1D6253332098C396004573FD /* TestMenuItem.swift */; };
		1D6253362098C3CB004573FD /* TestPopoverView.swift in Sources */ = {isa = PBXBuildFile; fileRef = 1D6253352098C3CB004573FD /* TestPopoverView.swift */; };
		1D7AA4B82098E9630069FD9D /* Localizable.strings in Resources */ = {isa = PBXBuildFile; fileRef = 1D7AA4BA2098E9630069FD9D /* Localizable.strings */; };
		1D9098C620A8813F00A3817F /* MarshallMenuItem.swift in Sources */ = {isa = PBXBuildFile; fileRef = 1D9098C520A8813F00A3817F /* MarshallMenuItem.swift */; };
		1D9098C820A8817600A3817F /* MarshallAPI.swift in Sources */ = {isa = PBXBuildFile; fileRef = 1D9098C720A8817600A3817F /* MarshallAPI.swift */; };
		1DB10FF62098CD5100133D2B /* MenuHandler.swift in Sources */ = {isa = PBXBuildFile; fileRef = 1DB10FF52098CD5100133D2B /* MenuHandler.swift */; };
		1DC9117F20A70E0400970616 /* MarshallModule.swift in Sources */ = {isa = PBXBuildFile; fileRef = 1DC9117E20A70E0400970616 /* MarshallModule.swift */; };
/* End PBXBuildFile section */

/* Begin PBXFileReference section */
		1D0A79DD20A4BF2B00C0DBB7 /* Playground.xib */ = {isa = PBXFileReference; lastKnownFileType = file.xib; path = Playground.xib; sourceTree = "<group>"; };
		1D4EACC720A87A5000E058E5 /* MarshallSettings.swift */ = {isa = PBXFileReference; lastKnownFileType = sourcecode.swift; path = MarshallSettings.swift; sourceTree = "<group>"; };
		1D5D98CE20A47E0D00FB58B2 /* TestView1.xib */ = {isa = PBXFileReference; lastKnownFileType = file.xib; path = TestView1.xib; sourceTree = "<group>"; };
		1D5D98D020A47EBF00FB58B2 /* TestView1.swift */ = {isa = PBXFileReference; lastKnownFileType = sourcecode.swift; path = TestView1.swift; sourceTree = "<group>"; };
		1D625306209859B3004573FD /* Multi-Room.app */ = {isa = PBXFileReference; explicitFileType = wrapper.application; includeInIndex = 0; path = "Multi-Room.app"; sourceTree = BUILT_PRODUCTS_DIR; };
		1D625309209859B3004573FD /* AppDelegate.swift */ = {isa = PBXFileReference; lastKnownFileType = sourcecode.swift; path = AppDelegate.swift; sourceTree = "<group>"; };
		1D62530D209859B3004573FD /* Assets.xcassets */ = {isa = PBXFileReference; lastKnownFileType = folder.assetcatalog; path = Assets.xcassets; sourceTree = "<group>"; };
		1D625310209859B3004573FD /* Base */ = {isa = PBXFileReference; lastKnownFileType = file.storyboard; name = Base; path = Base.lproj/Main.storyboard; sourceTree = "<group>"; };
		1D625312209859B3004573FD /* Info.plist */ = {isa = PBXFileReference; lastKnownFileType = text.plist.xml; path = Info.plist; sourceTree = "<group>"; };
		1D625313209859B3004573FD /* Multi_Room.entitlements */ = {isa = PBXFileReference; lastKnownFileType = text.plist.entitlements; path = Multi_Room.entitlements; sourceTree = "<group>"; };
		1D6253212098AA68004573FD /* en */ = {isa = PBXFileReference; lastKnownFileType = text.plist.strings; name = en; path = en.lproj/Localizable.strings; sourceTree = "<group>"; };
		1D6253262098AD97004573FD /* EventMonitor.swift */ = {isa = PBXFileReference; lastKnownFileType = sourcecode.swift; path = EventMonitor.swift; sourceTree = "<group>"; };
		1D6253282098B489004573FD /* ModuleLoader.swift */ = {isa = PBXFileReference; lastKnownFileType = sourcecode.swift; path = ModuleLoader.swift; sourceTree = "<group>"; };
		1D62532A2098B4ED004573FD /* PopupViewController.swift */ = {isa = PBXFileReference; lastKnownFileType = sourcecode.swift; path = PopupViewController.swift; sourceTree = "<group>"; };
		1D62532C2098B7EF004573FD /* SHModuleAPI.swift */ = {isa = PBXFileReference; lastKnownFileType = sourcecode.swift; path = SHModuleAPI.swift; sourceTree = "<group>"; };
		1D62532E2098BA4A004573FD /* PopoverHandler.swift */ = {isa = PBXFileReference; lastKnownFileType = sourcecode.swift; path = PopoverHandler.swift; sourceTree = "<group>"; };
		1D6253312098C33A004573FD /* TestModule.swift */ = {isa = PBXFileReference; lastKnownFileType = sourcecode.swift; path = TestModule.swift; sourceTree = "<group>"; };
		1D6253332098C396004573FD /* TestMenuItem.swift */ = {isa = PBXFileReference; lastKnownFileType = sourcecode.swift; path = TestMenuItem.swift; sourceTree = "<group>"; };
		1D6253352098C3CB004573FD /* TestPopoverView.swift */ = {isa = PBXFileReference; lastKnownFileType = sourcecode.swift; path = TestPopoverView.swift; sourceTree = "<group>"; };
		1D7AA4B92098E9630069FD9D /* en */ = {isa = PBXFileReference; lastKnownFileType = text.plist.strings; name = en; path = en.lproj/Localizable.strings; sourceTree = "<group>"; };
		1D9098C520A8813F00A3817F /* MarshallMenuItem.swift */ = {isa = PBXFileReference; lastKnownFileType = sourcecode.swift; path = MarshallMenuItem.swift; sourceTree = "<group>"; };
		1D9098C720A8817600A3817F /* MarshallAPI.swift */ = {isa = PBXFileReference; lastKnownFileType = sourcecode.swift; path = MarshallAPI.swift; sourceTree = "<group>"; };
		1DB10FF52098CD5100133D2B /* MenuHandler.swift */ = {isa = PBXFileReference; lastKnownFileType = sourcecode.swift; path = MenuHandler.swift; sourceTree = "<group>"; };
		1DC9117E20A70E0400970616 /* MarshallModule.swift */ = {isa = PBXFileReference; lastKnownFileType = sourcecode.swift; path = MarshallModule.swift; sourceTree = "<group>"; };
		7E36BC508C24CAFA3C612584 /* Pods_Multi_Room.framework */ = {isa = PBXFileReference; explicitFileType = wrapper.framework; includeInIndex = 0; path = Pods_Multi_Room.framework; sourceTree = BUILT_PRODUCTS_DIR; };
		E23EBCD73262A9C82FCFF74D /* Pods-Multi-Room.release.xcconfig */ = {isa = PBXFileReference; includeInIndex = 1; lastKnownFileType = text.xcconfig; name = "Pods-Multi-Room.release.xcconfig"; path = "Pods/Target Support Files/Pods-Multi-Room/Pods-Multi-Room.release.xcconfig"; sourceTree = "<group>"; };
		F567B0EAE5518A505BE96D95 /* Pods-Multi-Room.debug.xcconfig */ = {isa = PBXFileReference; includeInIndex = 1; lastKnownFileType = text.xcconfig; name = "Pods-Multi-Room.debug.xcconfig"; path = "Pods/Target Support Files/Pods-Multi-Room/Pods-Multi-Room.debug.xcconfig"; sourceTree = "<group>"; };
/* End PBXFileReference section */

/* Begin PBXFrameworksBuildPhase section */
		1D625303209859B3004573FD /* Frameworks */ = {
			isa = PBXFrameworksBuildPhase;
			buildActionMask = 2147483647;
			files = (
				1BBE0A78CB427B0B931B5FC0 /* Pods_Multi_Room.framework in Frameworks */,
			);
			runOnlyForDeploymentPostprocessing = 0;
		};
/* End PBXFrameworksBuildPhase section */

/* Begin PBXGroup section */
		1D6252FD209859B3004573FD = {
			isa = PBXGroup;
			children = (
				1D625308209859B3004573FD /* Multi-Room */,
				1D625307209859B3004573FD /* Products */,
				B47183FAF869023679B80464 /* Pods */,
				8F2F36779E0298D38E3B4931 /* Frameworks */,
			);
			sourceTree = "<group>";
		};
		1D625307209859B3004573FD /* Products */ = {
			isa = PBXGroup;
			children = (
				1D625306209859B3004573FD /* Multi-Room.app */,
			);
			name = Products;
			sourceTree = "<group>";
		};
		1D625308209859B3004573FD /* Multi-Room */ = {
			isa = PBXGroup;
			children = (
				1DC9117D20A70DC900970616 /* Marshall Multi-Room */,
				1D6253302098C31F004573FD /* TestModule */,
				1D625309209859B3004573FD /* AppDelegate.swift */,
				1D6253262098AD97004573FD /* EventMonitor.swift */,
				1D62532C2098B7EF004573FD /* SHModuleAPI.swift */,
				1D6253282098B489004573FD /* ModuleLoader.swift */,
				1DB10FF52098CD5100133D2B /* MenuHandler.swift */,
				1D62532E2098BA4A004573FD /* PopoverHandler.swift */,
				1D62532A2098B4ED004573FD /* PopupViewController.swift */,
				1D62530D209859B3004573FD /* Assets.xcassets */,
				1D62530F209859B3004573FD /* Main.storyboard */,
				1D625312209859B3004573FD /* Info.plist */,
				1D625313209859B3004573FD /* Multi_Room.entitlements */,
				1D6253222098AA68004573FD /* Localizable.strings */,
			);
			path = "Multi-Room";
			sourceTree = "<group>";
		};
		1D6253302098C31F004573FD /* TestModule */ = {
			isa = PBXGroup;
			children = (
				1D6253312098C33A004573FD /* TestModule.swift */,
				1D6253332098C396004573FD /* TestMenuItem.swift */,
				1D6253352098C3CB004573FD /* TestPopoverView.swift */,
				1D7AA4BA2098E9630069FD9D /* Localizable.strings */,
				1D5D98CE20A47E0D00FB58B2 /* TestView1.xib */,
				1D5D98D020A47EBF00FB58B2 /* TestView1.swift */,
				1D0A79DD20A4BF2B00C0DBB7 /* Playground.xib */,
			);
			path = TestModule;
			sourceTree = "<group>";
		};
		1DC9117D20A70DC900970616 /* Marshall Multi-Room */ = {
			isa = PBXGroup;
			children = (
				1DC9117E20A70E0400970616 /* MarshallModule.swift */,
				1D4EACC720A87A5000E058E5 /* MarshallSettings.swift */,
				1D9098C520A8813F00A3817F /* MarshallMenuItem.swift */,
				1D9098C720A8817600A3817F /* MarshallAPI.swift */,
			);
			path = "Marshall Multi-Room";
			sourceTree = "<group>";
		};
		8F2F36779E0298D38E3B4931 /* Frameworks */ = {
			isa = PBXGroup;
			children = (
				7E36BC508C24CAFA3C612584 /* Pods_Multi_Room.framework */,
			);
			name = Frameworks;
			sourceTree = "<group>";
		};
		B47183FAF869023679B80464 /* Pods */ = {
			isa = PBXGroup;
			children = (
				F567B0EAE5518A505BE96D95 /* Pods-Multi-Room.debug.xcconfig */,
				E23EBCD73262A9C82FCFF74D /* Pods-Multi-Room.release.xcconfig */,
			);
			name = Pods;
			sourceTree = "<group>";
		};
/* End PBXGroup section */

/* Begin PBXNativeTarget section */
		1D625305209859B3004573FD /* Multi-Room */ = {
			isa = PBXNativeTarget;
			buildConfigurationList = 1D625316209859B3004573FD /* Build configuration list for PBXNativeTarget "Multi-Room" */;
			buildPhases = (
				7BF20E04619F9229680CDD51 /* [CP] Check Pods Manifest.lock */,
				1D625302209859B3004573FD /* Sources */,
				1D625303209859B3004573FD /* Frameworks */,
				1D625304209859B3004573FD /* Resources */,
				5C6E4C5A5F973A9D4DF23F61 /* [CP] Embed Pods Frameworks */,
			);
			buildRules = (
			);
			dependencies = (
			);
			name = "Multi-Room";
			productName = "Multi-Room";
			productReference = 1D625306209859B3004573FD /* Multi-Room.app */;
			productType = "com.apple.product-type.application";
		};
/* End PBXNativeTarget section */

/* Begin PBXProject section */
		1D6252FE209859B3004573FD /* Project object */ = {
			isa = PBXProject;
			attributes = {
				LastSwiftUpdateCheck = 0900;
				LastUpgradeCheck = 0900;
				TargetAttributes = {
					1D625305209859B3004573FD = {
						CreatedOnToolsVersion = 9.0;
						ProvisioningStyle = Automatic;
					};
				};
			};
			buildConfigurationList = 1D625301209859B3004573FD /* Build configuration list for PBXProject "Multi-Room" */;
			compatibilityVersion = "Xcode 8.0";
			developmentRegion = en;
			hasScannedForEncodings = 0;
			knownRegions = (
				en,
				Base,
			);
			mainGroup = 1D6252FD209859B3004573FD;
			productRefGroup = 1D625307209859B3004573FD /* Products */;
			projectDirPath = "";
			projectRoot = "";
			targets = (
				1D625305209859B3004573FD /* Multi-Room */,
			);
		};
/* End PBXProject section */

/* Begin PBXResourcesBuildPhase section */
		1D625304209859B3004573FD /* Resources */ = {
			isa = PBXResourcesBuildPhase;
			buildActionMask = 2147483647;
			files = (
				1D62530E209859B3004573FD /* Assets.xcassets in Resources */,
				1D7AA4B82098E9630069FD9D /* Localizable.strings in Resources */,
				1D6253202098AA68004573FD /* Localizable.strings in Resources */,
				1D625311209859B3004573FD /* Main.storyboard in Resources */,
				1D0A79DE20A4BF2B00C0DBB7 /* Playground.xib in Resources */,
				1D5D98CF20A47E0D00FB58B2 /* TestView1.xib in Resources */,
			);
			runOnlyForDeploymentPostprocessing = 0;
		};
/* End PBXResourcesBuildPhase section */

/* Begin PBXShellScriptBuildPhase section */
		5C6E4C5A5F973A9D4DF23F61 /* [CP] Embed Pods Frameworks */ = {
			isa = PBXShellScriptBuildPhase;
			buildActionMask = 2147483647;
			files = (
			);
			inputPaths = (
				"${SRCROOT}/Pods/Target Support Files/Pods-Multi-Room/Pods-Multi-Room-frameworks.sh",
				"${BUILT_PRODUCTS_DIR}/Alamofire/Alamofire.framework",
				"${BUILT_PRODUCTS_DIR}/SWXMLHash/SWXMLHash.framework",
			);
			name = "[CP] Embed Pods Frameworks";
			outputPaths = (
				"${TARGET_BUILD_DIR}/${FRAMEWORKS_FOLDER_PATH}/Alamofire.framework",
				"${TARGET_BUILD_DIR}/${FRAMEWORKS_FOLDER_PATH}/SWXMLHash.framework",
			);
			runOnlyForDeploymentPostprocessing = 0;
			shellPath = /bin/sh;
			shellScript = "\"${SRCROOT}/Pods/Target Support Files/Pods-Multi-Room/Pods-Multi-Room-frameworks.sh\"\n";
			showEnvVarsInLog = 0;
		};
		7BF20E04619F9229680CDD51 /* [CP] Check Pods Manifest.lock */ = {
			isa = PBXShellScriptBuildPhase;
			buildActionMask = 2147483647;
			files = (
			);
			inputPaths = (
				"${PODS_PODFILE_DIR_PATH}/Podfile.lock",
				"${PODS_ROOT}/Manifest.lock",
			);
			name = "[CP] Check Pods Manifest.lock";
			outputPaths = (
				"$(DERIVED_FILE_DIR)/Pods-Multi-Room-checkManifestLockResult.txt",
			);
			runOnlyForDeploymentPostprocessing = 0;
			shellPath = /bin/sh;
			shellScript = "diff \"${PODS_PODFILE_DIR_PATH}/Podfile.lock\" \"${PODS_ROOT}/Manifest.lock\" > /dev/null\nif [ $? != 0 ] ; then\n    # print error to STDERR\n    echo \"error: The sandbox is not in sync with the Podfile.lock. Run 'pod install' or update your CocoaPods installation.\" >&2\n    exit 1\nfi\n# This output is used by Xcode 'outputs' to avoid re-running this script phase.\necho \"SUCCESS\" > \"${SCRIPT_OUTPUT_FILE_0}\"\n";
			showEnvVarsInLog = 0;
		};
/* End PBXShellScriptBuildPhase section */

/* Begin PBXSourcesBuildPhase section */
		1D625302209859B3004573FD /* Sources */ = {
			isa = PBXSourcesBuildPhase;
			buildActionMask = 2147483647;
			files = (
				1D62532F2098BA4A004573FD /* PopoverHandler.swift in Sources */,
				1D6253342098C396004573FD /* TestMenuItem.swift in Sources */,
				1D6253292098B489004573FD /* ModuleLoader.swift in Sources */,
				1D62530A209859B3004573FD /* AppDelegate.swift in Sources */,
				1D6253272098AD97004573FD /* EventMonitor.swift in Sources */,
				1DC9117F20A70E0400970616 /* MarshallModule.swift in Sources */,
				1D6253322098C33A004573FD /* TestModule.swift in Sources */,
				1D62532D2098B7EF004573FD /* SHModuleAPI.swift in Sources */,
				1D5D98D120A47EBF00FB58B2 /* TestView1.swift in Sources */,
				1D9098C820A8817600A3817F /* MarshallAPI.swift in Sources */,
				1D9098C620A8813F00A3817F /* MarshallMenuItem.swift in Sources */,
				1D6253362098C3CB004573FD /* TestPopoverView.swift in Sources */,
				1D4EACC820A87A5000E058E5 /* MarshallSettings.swift in Sources */,
				1D62532B2098B4ED004573FD /* PopupViewController.swift in Sources */,
				1DB10FF62098CD5100133D2B /* MenuHandler.swift in Sources */,
			);
			runOnlyForDeploymentPostprocessing = 0;
		};
/* End PBXSourcesBuildPhase section */

/* Begin PBXVariantGroup section */
		1D62530F209859B3004573FD /* Main.storyboard */ = {
			isa = PBXVariantGroup;
			children = (
				1D625310209859B3004573FD /* Base */,
			);
			name = Main.storyboard;
			sourceTree = "<group>";
		};
		1D6253222098AA68004573FD /* Localizable.strings */ = {
			isa = PBXVariantGroup;
			children = (
				1D6253212098AA68004573FD /* en */,
			);
			name = Localizable.strings;
			sourceTree = "<group>";
		};
		1D7AA4BA2098E9630069FD9D /* Localizable.strings */ = {
			isa = PBXVariantGroup;
			children = (
				1D7AA4B92098E9630069FD9D /* en */,
			);
			name = Localizable.strings;
			sourceTree = "<group>";
		};
/* End PBXVariantGroup section */

/* Begin XCBuildConfiguration section */
		1D625314209859B3004573FD /* Debug */ = {
			isa = XCBuildConfiguration;
			buildSettings = {
				ALWAYS_SEARCH_USER_PATHS = NO;
				CLANG_ANALYZER_NONNULL = YES;
				CLANG_ANALYZER_NUMBER_OBJECT_CONVERSION = YES_AGGRESSIVE;
				CLANG_CXX_LANGUAGE_STANDARD = "gnu++14";
				CLANG_CXX_LIBRARY = "libc++";
				CLANG_ENABLE_MODULES = YES;
				CLANG_ENABLE_OBJC_ARC = YES;
				CLANG_WARN_BLOCK_CAPTURE_AUTORELEASING = YES;
				CLANG_WARN_BOOL_CONVERSION = YES;
				CLANG_WARN_COMMA = YES;
				CLANG_WARN_CONSTANT_CONVERSION = YES;
				CLANG_WARN_DIRECT_OBJC_ISA_USAGE = YES_ERROR;
				CLANG_WARN_DOCUMENTATION_COMMENTS = YES;
				CLANG_WARN_EMPTY_BODY = YES;
				CLANG_WARN_ENUM_CONVERSION = YES;
				CLANG_WARN_INFINITE_RECURSION = YES;
				CLANG_WARN_INT_CONVERSION = YES;
				CLANG_WARN_NON_LITERAL_NULL_CONVERSION = YES;
				CLANG_WARN_OBJC_LITERAL_CONVERSION = YES;
				CLANG_WARN_OBJC_ROOT_CLASS = YES_ERROR;
				CLANG_WARN_RANGE_LOOP_ANALYSIS = YES;
				CLANG_WARN_STRICT_PROTOTYPES = YES;
				CLANG_WARN_SUSPICIOUS_MOVE = YES;
				CLANG_WARN_UNGUARDED_AVAILABILITY = YES_AGGRESSIVE;
				CLANG_WARN_UNREACHABLE_CODE = YES;
				CLANG_WARN__DUPLICATE_METHOD_MATCH = YES;
				CODE_SIGN_IDENTITY = "Mac Developer";
				COPY_PHASE_STRIP = NO;
				DEBUG_INFORMATION_FORMAT = dwarf;
				ENABLE_STRICT_OBJC_MSGSEND = YES;
				ENABLE_TESTABILITY = YES;
				GCC_C_LANGUAGE_STANDARD = gnu11;
				GCC_DYNAMIC_NO_PIC = NO;
				GCC_NO_COMMON_BLOCKS = YES;
				GCC_OPTIMIZATION_LEVEL = 0;
				GCC_PREPROCESSOR_DEFINITIONS = (
					"DEBUG=1",
					"$(inherited)",
				);
				GCC_WARN_64_TO_32_BIT_CONVERSION = YES;
				GCC_WARN_ABOUT_RETURN_TYPE = YES_ERROR;
				GCC_WARN_UNDECLARED_SELECTOR = YES;
				GCC_WARN_UNINITIALIZED_AUTOS = YES_AGGRESSIVE;
				GCC_WARN_UNUSED_FUNCTION = YES;
				GCC_WARN_UNUSED_VARIABLE = YES;
				MACOSX_DEPLOYMENT_TARGET = 10.12;
				MTL_ENABLE_DEBUG_INFO = YES;
				ONLY_ACTIVE_ARCH = YES;
				SDKROOT = macosx;
				SWIFT_ACTIVE_COMPILATION_CONDITIONS = DEBUG;
				SWIFT_OPTIMIZATION_LEVEL = "-Onone";
			};
			name = Debug;
		};
		1D625315209859B3004573FD /* Release */ = {
			isa = XCBuildConfiguration;
			buildSettings = {
				ALWAYS_SEARCH_USER_PATHS = NO;
				CLANG_ANALYZER_NONNULL = YES;
				CLANG_ANALYZER_NUMBER_OBJECT_CONVERSION = YES_AGGRESSIVE;
				CLANG_CXX_LANGUAGE_STANDARD = "gnu++14";
				CLANG_CXX_LIBRARY = "libc++";
				CLANG_ENABLE_MODULES = YES;
				CLANG_ENABLE_OBJC_ARC = YES;
				CLANG_WARN_BLOCK_CAPTURE_AUTORELEASING = YES;
				CLANG_WARN_BOOL_CONVERSION = YES;
				CLANG_WARN_COMMA = YES;
				CLANG_WARN_CONSTANT_CONVERSION = YES;
				CLANG_WARN_DIRECT_OBJC_ISA_USAGE = YES_ERROR;
				CLANG_WARN_DOCUMENTATION_COMMENTS = YES;
				CLANG_WARN_EMPTY_BODY = YES;
				CLANG_WARN_ENUM_CONVERSION = YES;
				CLANG_WARN_INFINITE_RECURSION = YES;
				CLANG_WARN_INT_CONVERSION = YES;
				CLANG_WARN_NON_LITERAL_NULL_CONVERSION = YES;
				CLANG_WARN_OBJC_LITERAL_CONVERSION = YES;
				CLANG_WARN_OBJC_ROOT_CLASS = YES_ERROR;
				CLANG_WARN_RANGE_LOOP_ANALYSIS = YES;
				CLANG_WARN_STRICT_PROTOTYPES = YES;
				CLANG_WARN_SUSPICIOUS_MOVE = YES;
				CLANG_WARN_UNGUARDED_AVAILABILITY = YES_AGGRESSIVE;
				CLANG_WARN_UNREACHABLE_CODE = YES;
				CLANG_WARN__DUPLICATE_METHOD_MATCH = YES;
				CODE_SIGN_IDENTITY = "Mac Developer";
				COPY_PHASE_STRIP = NO;
				DEBUG_INFORMATION_FORMAT = "dwarf-with-dsym";
				ENABLE_NS_ASSERTIONS = NO;
				ENABLE_STRICT_OBJC_MSGSEND = YES;
				GCC_C_LANGUAGE_STANDARD = gnu11;
				GCC_NO_COMMON_BLOCKS = YES;
				GCC_WARN_64_TO_32_BIT_CONVERSION = YES;
				GCC_WARN_ABOUT_RETURN_TYPE = YES_ERROR;
				GCC_WARN_UNDECLARED_SELECTOR = YES;
				GCC_WARN_UNINITIALIZED_AUTOS = YES_AGGRESSIVE;
				GCC_WARN_UNUSED_FUNCTION = YES;
				GCC_WARN_UNUSED_VARIABLE = YES;
				MACOSX_DEPLOYMENT_TARGET = 10.12;
				MTL_ENABLE_DEBUG_INFO = NO;
				SDKROOT = macosx;
				SWIFT_OPTIMIZATION_LEVEL = "-Owholemodule";
			};
			name = Release;
		};
		1D625317209859B3004573FD /* Debug */ = {
			isa = XCBuildConfiguration;
			baseConfigurationReference = F567B0EAE5518A505BE96D95 /* Pods-Multi-Room.debug.xcconfig */;
			buildSettings = {
				ASSETCATALOG_COMPILER_APPICON_NAME = AppIcon;
				CODE_SIGN_ENTITLEMENTS = "Multi-Room/Multi_Room.entitlements";
				CODE_SIGN_STYLE = Automatic;
				COMBINE_HIDPI_IMAGES = YES;
				DEVELOPMENT_TEAM = 9T24YXJG92;
				INFOPLIST_FILE = "Multi-Room/Info.plist";
				LD_RUNPATH_SEARCH_PATHS = "$(inherited) @executable_path/../Frameworks";
				PRODUCT_BUNDLE_IDENTIFIER = "de.trickbusch.Multi-Room";
				PRODUCT_NAME = "$(TARGET_NAME)";
				SWIFT_SWIFT3_OBJC_INFERENCE = Default;
				SWIFT_VERSION = 4.0;
			};
			name = Debug;
		};
		1D625318209859B3004573FD /* Release */ = {
			isa = XCBuildConfiguration;
			baseConfigurationReference = E23EBCD73262A9C82FCFF74D /* Pods-Multi-Room.release.xcconfig */;
			buildSettings = {
				ASSETCATALOG_COMPILER_APPICON_NAME = AppIcon;
				CODE_SIGN_ENTITLEMENTS = "Multi-Room/Multi_Room.entitlements";
				CODE_SIGN_STYLE = Automatic;
				COMBINE_HIDPI_IMAGES = YES;
				DEVELOPMENT_TEAM = 9T24YXJG92;
				INFOPLIST_FILE = "Multi-Room/Info.plist";
				LD_RUNPATH_SEARCH_PATHS = "$(inherited) @executable_path/../Frameworks";
				PRODUCT_BUNDLE_IDENTIFIER = "de.trickbusch.Multi-Room";
				PRODUCT_NAME = "$(TARGET_NAME)";
				SWIFT_SWIFT3_OBJC_INFERENCE = Default;
				SWIFT_VERSION = 4.0;
			};
			name = Release;
		};
/* End XCBuildConfiguration section */

/* Begin XCConfigurationList section */
		1D625301209859B3004573FD /* Build configuration list for PBXProject "Multi-Room" */ = {
			isa = XCConfigurationList;
			buildConfigurations = (
				1D625314209859B3004573FD /* Debug */,
				1D625315209859B3004573FD /* Release */,
			);
			defaultConfigurationIsVisible = 0;
			defaultConfigurationName = Release;
		};
		1D625316209859B3004573FD /* Build configuration list for PBXNativeTarget "Multi-Room" */ = {
			isa = XCConfigurationList;
			buildConfigurations = (
				1D625317209859B3004573FD /* Debug */,
				1D625318209859B3004573FD /* Release */,
			);
			defaultConfigurationIsVisible = 0;
			defaultConfigurationName = Release;
		};
/* End XCConfigurationList section */
	};
	rootObject = 1D6252FE209859B3004573FD /* Project object */;
}
